// !$*UTF8*$!
{
	archiveVersion = 1;
	classes = {
	};
	objectVersion = 56;
	objects = {

/* Begin PBXBuildFile section */
		0E1FF2692B01F66E00A77369 /* FireApp.swift in Sources */ = {isa = PBXBuildFile; fileRef = 0E1FF2682B01F66E00A77369 /* FireApp.swift */; };
		0E1FF26D2B01F67000A77369 /* Assets.xcassets in Resources */ = {isa = PBXBuildFile; fileRef = 0E1FF26C2B01F67000A77369 /* Assets.xcassets */; };
		0E1FF2712B01F67000A77369 /* Preview Assets.xcassets in Resources */ = {isa = PBXBuildFile; fileRef = 0E1FF2702B01F67000A77369 /* Preview Assets.xcassets */; };
		0E1FF27B2B01F67000A77369 /* FireTests.swift in Sources */ = {isa = PBXBuildFile; fileRef = 0E1FF27A2B01F67000A77369 /* FireTests.swift */; };
		0E1FF2852B01F67000A77369 /* FireUITests.swift in Sources */ = {isa = PBXBuildFile; fileRef = 0E1FF2842B01F67000A77369 /* FireUITests.swift */; };
		0E1FF2872B01F67000A77369 /* FireUITestsLaunchTests.swift in Sources */ = {isa = PBXBuildFile; fileRef = 0E1FF2862B01F67000A77369 /* FireUITestsLaunchTests.swift */; };
		0E230D9A2B02471A0002128A /* FireFeature in Frameworks */ = {isa = PBXBuildFile; productRef = 0E230D992B02471A0002128A /* FireFeature */; };
/* End PBXBuildFile section */

/* Begin PBXContainerItemProxy section */
		0E1FF2772B01F67000A77369 /* PBXContainerItemProxy */ = {
			isa = PBXContainerItemProxy;
			containerPortal = 0E1FF25D2B01F66E00A77369 /* Project object */;
			proxyType = 1;
			remoteGlobalIDString = 0E1FF2642B01F66E00A77369;
			remoteInfo = Fire;
		};
		0E1FF2812B01F67000A77369 /* PBXContainerItemProxy */ = {
			isa = PBXContainerItemProxy;
			containerPortal = 0E1FF25D2B01F66E00A77369 /* Project object */;
			proxyType = 1;
			remoteGlobalIDString = 0E1FF2642B01F66E00A77369;
			remoteInfo = Fire;
		};
/* End PBXContainerItemProxy section */

/* Begin PBXFileReference section */
		0E1FF2652B01F66E00A77369 /* Fire.app */ = {isa = PBXFileReference; explicitFileType = wrapper.application; includeInIndex = 0; path = Fire.app; sourceTree = BUILT_PRODUCTS_DIR; };
		0E1FF2682B01F66E00A77369 /* FireApp.swift */ = {isa = PBXFileReference; lastKnownFileType = sourcecode.swift; path = FireApp.swift; sourceTree = "<group>"; };
		0E1FF26C2B01F67000A77369 /* Assets.xcassets */ = {isa = PBXFileReference; lastKnownFileType = folder.assetcatalog; path = Assets.xcassets; sourceTree = "<group>"; };
		0E1FF26E2B01F67000A77369 /* Fire.entitlements */ = {isa = PBXFileReference; lastKnownFileType = text.plist.entitlements; path = Fire.entitlements; sourceTree = "<group>"; };
		0E1FF2702B01F67000A77369 /* Preview Assets.xcassets */ = {isa = PBXFileReference; lastKnownFileType = folder.assetcatalog; path = "Preview Assets.xcassets"; sourceTree = "<group>"; };
		0E1FF2762B01F67000A77369 /* FireTests.xctest */ = {isa = PBXFileReference; explicitFileType = wrapper.cfbundle; includeInIndex = 0; path = FireTests.xctest; sourceTree = BUILT_PRODUCTS_DIR; };
		0E1FF27A2B01F67000A77369 /* FireTests.swift */ = {isa = PBXFileReference; lastKnownFileType = sourcecode.swift; path = FireTests.swift; sourceTree = "<group>"; };
		0E1FF2802B01F67000A77369 /* FireUITests.xctest */ = {isa = PBXFileReference; explicitFileType = wrapper.cfbundle; includeInIndex = 0; path = FireUITests.xctest; sourceTree = BUILT_PRODUCTS_DIR; };
		0E1FF2842B01F67000A77369 /* FireUITests.swift */ = {isa = PBXFileReference; lastKnownFileType = sourcecode.swift; path = FireUITests.swift; sourceTree = "<group>"; };
		0E1FF2862B01F67000A77369 /* FireUITestsLaunchTests.swift */ = {isa = PBXFileReference; lastKnownFileType = sourcecode.swift; path = FireUITestsLaunchTests.swift; sourceTree = "<group>"; };
/* End PBXFileReference section */

/* Begin PBXFrameworksBuildPhase section */
		0E1FF2622B01F66E00A77369 /* Frameworks */ = {
			isa = PBXFrameworksBuildPhase;
			buildActionMask = 2147483647;
			files = (
				0E230D9A2B02471A0002128A /* FireFeature in Frameworks */,
			);
			runOnlyForDeploymentPostprocessing = 0;
		};
		0E1FF2732B01F67000A77369 /* Frameworks */ = {
			isa = PBXFrameworksBuildPhase;
			buildActionMask = 2147483647;
			files = (
			);
			runOnlyForDeploymentPostprocessing = 0;
		};
		0E1FF27D2B01F67000A77369 /* Frameworks */ = {
			isa = PBXFrameworksBuildPhase;
			buildActionMask = 2147483647;
			files = (
			);
			runOnlyForDeploymentPostprocessing = 0;
		};
/* End PBXFrameworksBuildPhase section */

/* Begin PBXGroup section */
		0E1FF25C2B01F66E00A77369 = {
			isa = PBXGroup;
			children = (
				0E1FF2672B01F66E00A77369 /* Fire */,
				0E1FF2792B01F67000A77369 /* FireTests */,
				0E1FF2832B01F67000A77369 /* FireUITests */,
				0E1FF2662B01F66E00A77369 /* Products */,
				0E1FF2932B01F72500A77369 /* Frameworks */,
			);
			sourceTree = "<group>";
		};
		0E1FF2662B01F66E00A77369 /* Products */ = {
			isa = PBXGroup;
			children = (
				0E1FF2652B01F66E00A77369 /* Fire.app */,
				0E1FF2762B01F67000A77369 /* FireTests.xctest */,
				0E1FF2802B01F67000A77369 /* FireUITests.xctest */,
			);
			name = Products;
			sourceTree = "<group>";
		};
		0E1FF2672B01F66E00A77369 /* Fire */ = {
			isa = PBXGroup;
			children = (
				0E1FF2682B01F66E00A77369 /* FireApp.swift */,
				0E1FF26C2B01F67000A77369 /* Assets.xcassets */,
				0E1FF26E2B01F67000A77369 /* Fire.entitlements */,
				0E1FF26F2B01F67000A77369 /* Preview Content */,
			);
			path = Fire;
			sourceTree = "<group>";
		};
		0E1FF26F2B01F67000A77369 /* Preview Content */ = {
			isa = PBXGroup;
			children = (
				0E1FF2702B01F67000A77369 /* Preview Assets.xcassets */,
			);
			path = "Preview Content";
			sourceTree = "<group>";
		};
		0E1FF2792B01F67000A77369 /* FireTests */ = {
			isa = PBXGroup;
			children = (
				0E1FF27A2B01F67000A77369 /* FireTests.swift */,
			);
			path = FireTests;
			sourceTree = "<group>";
		};
		0E1FF2832B01F67000A77369 /* FireUITests */ = {
			isa = PBXGroup;
			children = (
				0E1FF2842B01F67000A77369 /* FireUITests.swift */,
				0E1FF2862B01F67000A77369 /* FireUITestsLaunchTests.swift */,
			);
			path = FireUITests;
			sourceTree = "<group>";
		};
		0E1FF2932B01F72500A77369 /* Frameworks */ = {
			isa = PBXGroup;
			children = (
			);
			name = Frameworks;
			sourceTree = "<group>";
		};
/* End PBXGroup section */

/* Begin PBXNativeTarget section */
		0E1FF2642B01F66E00A77369 /* Fire */ = {
			isa = PBXNativeTarget;
			buildConfigurationList = 0E1FF28A2B01F67000A77369 /* Build configuration list for PBXNativeTarget "Fire" */;
			buildPhases = (
				0E1FF2612B01F66E00A77369 /* Sources */,
				0E1FF2622B01F66E00A77369 /* Frameworks */,
				0E1FF2632B01F66E00A77369 /* Resources */,
			);
			buildRules = (
			);
			dependencies = (
			);
			name = Fire;
			packageProductDependencies = (
				0E230D992B02471A0002128A /* FireFeature */,
			);
			productName = Fire;
			productReference = 0E1FF2652B01F66E00A77369 /* Fire.app */;
			productType = "com.apple.product-type.application";
		};
		0E1FF2752B01F67000A77369 /* FireTests */ = {
			isa = PBXNativeTarget;
			buildConfigurationList = 0E1FF28D2B01F67000A77369 /* Build configuration list for PBXNativeTarget "FireTests" */;
			buildPhases = (
				0E1FF2722B01F67000A77369 /* Sources */,
				0E1FF2732B01F67000A77369 /* Frameworks */,
				0E1FF2742B01F67000A77369 /* Resources */,
			);
			buildRules = (
			);
			dependencies = (
				0E1FF2782B01F67000A77369 /* PBXTargetDependency */,
			);
			name = FireTests;
			productName = FireTests;
			productReference = 0E1FF2762B01F67000A77369 /* FireTests.xctest */;
			productType = "com.apple.product-type.bundle.unit-test";
		};
		0E1FF27F2B01F67000A77369 /* FireUITests */ = {
			isa = PBXNativeTarget;
			buildConfigurationList = 0E1FF2902B01F67000A77369 /* Build configuration list for PBXNativeTarget "FireUITests" */;
			buildPhases = (
				0E1FF27C2B01F67000A77369 /* Sources */,
				0E1FF27D2B01F67000A77369 /* Frameworks */,
				0E1FF27E2B01F67000A77369 /* Resources */,
			);
			buildRules = (
			);
			dependencies = (
				0E1FF2822B01F67000A77369 /* PBXTargetDependency */,
			);
			name = FireUITests;
			productName = FireUITests;
			productReference = 0E1FF2802B01F67000A77369 /* FireUITests.xctest */;
			productType = "com.apple.product-type.bundle.ui-testing";
		};
/* End PBXNativeTarget section */

/* Begin PBXProject section */
		0E1FF25D2B01F66E00A77369 /* Project object */ = {
			isa = PBXProject;
			attributes = {
				BuildIndependentTargetsInParallel = 1;
				LastSwiftUpdateCheck = 1420;
				LastUpgradeCheck = 1420;
				TargetAttributes = {
					0E1FF2642B01F66E00A77369 = {
						CreatedOnToolsVersion = 14.2;
					};
					0E1FF2752B01F67000A77369 = {
						CreatedOnToolsVersion = 14.2;
						TestTargetID = 0E1FF2642B01F66E00A77369;
					};
					0E1FF27F2B01F67000A77369 = {
						CreatedOnToolsVersion = 14.2;
						TestTargetID = 0E1FF2642B01F66E00A77369;
					};
				};
			};
			buildConfigurationList = 0E1FF2602B01F66E00A77369 /* Build configuration list for PBXProject "Fire" */;
			compatibilityVersion = "Xcode 14.0";
			developmentRegion = en;
			hasScannedForEncodings = 0;
			knownRegions = (
				en,
				Base,
			);
			mainGroup = 0E1FF25C2B01F66E00A77369;
			productRefGroup = 0E1FF2662B01F66E00A77369 /* Products */;
			projectDirPath = "";
			projectRoot = "";
			targets = (
				0E1FF2642B01F66E00A77369 /* Fire */,
				0E1FF2752B01F67000A77369 /* FireTests */,
				0E1FF27F2B01F67000A77369 /* FireUITests */,
			);
		};
/* End PBXProject section */

/* Begin PBXResourcesBuildPhase section */
		0E1FF2632B01F66E00A77369 /* Resources */ = {
			isa = PBXResourcesBuildPhase;
			buildActionMask = 2147483647;
			files = (
				0E1FF2712B01F67000A77369 /* Preview Assets.xcassets in Resources */,
				0E1FF26D2B01F67000A77369 /* Assets.xcassets in Resources */,
			);
			runOnlyForDeploymentPostprocessing = 0;
		};
		0E1FF2742B01F67000A77369 /* Resources */ = {
			isa = PBXResourcesBuildPhase;
			buildActionMask = 2147483647;
			files = (
			);
			runOnlyForDeploymentPostprocessing = 0;
		};
		0E1FF27E2B01F67000A77369 /* Resources */ = {
			isa = PBXResourcesBuildPhase;
			buildActionMask = 2147483647;
			files = (
			);
			runOnlyForDeploymentPostprocessing = 0;
		};
/* End PBXResourcesBuildPhase section */

/* Begin PBXSourcesBuildPhase section */
		0E1FF2612B01F66E00A77369 /* Sources */ = {
			isa = PBXSourcesBuildPhase;
			buildActionMask = 2147483647;
			files = (
				0E1FF2692B01F66E00A77369 /* FireApp.swift in Sources */,
			);
			runOnlyForDeploymentPostprocessing = 0;
		};
		0E1FF2722B01F67000A77369 /* Sources */ = {
			isa = PBXSourcesBuildPhase;
			buildActionMask = 2147483647;
			files = (
				0E1FF27B2B01F67000A77369 /* FireTests.swift in Sources */,
			);
			runOnlyForDeploymentPostprocessing = 0;
		};
		0E1FF27C2B01F67000A77369 /* Sources */ = {
			isa = PBXSourcesBuildPhase;
			buildActionMask = 2147483647;
			files = (
				0E1FF2872B01F67000A77369 /* FireUITestsLaunchTests.swift in Sources */,
				0E1FF2852B01F67000A77369 /* FireUITests.swift in Sources */,
			);
			runOnlyForDeploymentPostprocessing = 0;
		};
/* End PBXSourcesBuildPhase section */

/* Begin PBXTargetDependency section */
		0E1FF2782B01F67000A77369 /* PBXTargetDependency */ = {
			isa = PBXTargetDependency;
			target = 0E1FF2642B01F66E00A77369 /* Fire */;
			targetProxy = 0E1FF2772B01F67000A77369 /* PBXContainerItemProxy */;
		};
		0E1FF2822B01F67000A77369 /* PBXTargetDependency */ = {
			isa = PBXTargetDependency;
			target = 0E1FF2642B01F66E00A77369 /* Fire */;
			targetProxy = 0E1FF2812B01F67000A77369 /* PBXContainerItemProxy */;
		};
/* End PBXTargetDependency section */

/* Begin XCBuildConfiguration section */
		0E1FF2882B01F67000A77369 /* Debug */ = {
			isa = XCBuildConfiguration;
			buildSettings = {
				ALWAYS_SEARCH_USER_PATHS = NO;
				CLANG_ANALYZER_NONNULL = YES;
				CLANG_ANALYZER_NUMBER_OBJECT_CONVERSION = YES_AGGRESSIVE;
				CLANG_CXX_LANGUAGE_STANDARD = "gnu++20";
				CLANG_ENABLE_MODULES = YES;
				CLANG_ENABLE_OBJC_ARC = YES;
				CLANG_ENABLE_OBJC_WEAK = YES;
				CLANG_WARN_BLOCK_CAPTURE_AUTORELEASING = YES;
				CLANG_WARN_BOOL_CONVERSION = YES;
				CLANG_WARN_COMMA = YES;
				CLANG_WARN_CONSTANT_CONVERSION = YES;
				CLANG_WARN_DEPRECATED_OBJC_IMPLEMENTATIONS = YES;
				CLANG_WARN_DIRECT_OBJC_ISA_USAGE = YES_ERROR;
				CLANG_WARN_DOCUMENTATION_COMMENTS = YES;
				CLANG_WARN_EMPTY_BODY = YES;
				CLANG_WARN_ENUM_CONVERSION = YES;
				CLANG_WARN_INFINITE_RECURSION = YES;
				CLANG_WARN_INT_CONVERSION = YES;
				CLANG_WARN_NON_LITERAL_NULL_CONVERSION = YES;
				CLANG_WARN_OBJC_IMPLICIT_RETAIN_SELF = YES;
				CLANG_WARN_OBJC_LITERAL_CONVERSION = YES;
				CLANG_WARN_OBJC_ROOT_CLASS = YES_ERROR;
				CLANG_WARN_QUOTED_INCLUDE_IN_FRAMEWORK_HEADER = YES;
				CLANG_WARN_RANGE_LOOP_ANALYSIS = YES;
				CLANG_WARN_STRICT_PROTOTYPES = YES;
				CLANG_WARN_SUSPICIOUS_MOVE = YES;
				CLANG_WARN_UNGUARDED_AVAILABILITY = YES_AGGRESSIVE;
				CLANG_WARN_UNREACHABLE_CODE = YES;
				CLANG_WARN__DUPLICATE_METHOD_MATCH = YES;
				COPY_PHASE_STRIP = NO;
				DEBUG_INFORMATION_FORMAT = dwarf;
				ENABLE_STRICT_OBJC_MSGSEND = YES;
				ENABLE_TESTABILITY = YES;
				GCC_C_LANGUAGE_STANDARD = gnu11;
				GCC_DYNAMIC_NO_PIC = NO;
				GCC_NO_COMMON_BLOCKS = YES;
				GCC_OPTIMIZATION_LEVEL = 0;
				GCC_PREPROCESSOR_DEFINITIONS = (
					"DEBUG=1",
					"$(inherited)",
				);
				GCC_WARN_64_TO_32_BIT_CONVERSION = YES;
				GCC_WARN_ABOUT_RETURN_TYPE = YES_ERROR;
				GCC_WARN_UNDECLARED_SELECTOR = YES;
				GCC_WARN_UNINITIALIZED_AUTOS = YES_AGGRESSIVE;
				GCC_WARN_UNUSED_FUNCTION = YES;
				GCC_WARN_UNUSED_VARIABLE = YES;
				MTL_ENABLE_DEBUG_INFO = INCLUDE_SOURCE;
				MTL_FAST_MATH = YES;
				ONLY_ACTIVE_ARCH = YES;
				OTHER_LDFLAGS = (
					"-Xlinker",
					"-interposable",
				);
				SWIFT_ACTIVE_COMPILATION_CONDITIONS = DEBUG;
				SWIFT_OPTIMIZATION_LEVEL = "-Onone";
			};
			name = Debug;
		};
		0E1FF2892B01F67000A77369 /* Release */ = {
			isa = XCBuildConfiguration;
			buildSettings = {
				ALWAYS_SEARCH_USER_PATHS = NO;
				CLANG_ANALYZER_NONNULL = YES;
				CLANG_ANALYZER_NUMBER_OBJECT_CONVERSION = YES_AGGRESSIVE;
				CLANG_CXX_LANGUAGE_STANDARD = "gnu++20";
				CLANG_ENABLE_MODULES = YES;
				CLANG_ENABLE_OBJC_ARC = YES;
				CLANG_ENABLE_OBJC_WEAK = YES;
				CLANG_WARN_BLOCK_CAPTURE_AUTORELEASING = YES;
				CLANG_WARN_BOOL_CONVERSION = YES;
				CLANG_WARN_COMMA = YES;
				CLANG_WARN_CONSTANT_CONVERSION = YES;
				CLANG_WARN_DEPRECATED_OBJC_IMPLEMENTATIONS = YES;
				CLANG_WARN_DIRECT_OBJC_ISA_USAGE = YES_ERROR;
				CLANG_WARN_DOCUMENTATION_COMMENTS = YES;
				CLANG_WARN_EMPTY_BODY = YES;
				CLANG_WARN_ENUM_CONVERSION = YES;
				CLANG_WARN_INFINITE_RECURSION = YES;
				CLANG_WARN_INT_CONVERSION = YES;
				CLANG_WARN_NON_LITERAL_NULL_CONVERSION = YES;
				CLANG_WARN_OBJC_IMPLICIT_RETAIN_SELF = YES;
				CLANG_WARN_OBJC_LITERAL_CONVERSION = YES;
				CLANG_WARN_OBJC_ROOT_CLASS = YES_ERROR;
				CLANG_WARN_QUOTED_INCLUDE_IN_FRAMEWORK_HEADER = YES;
				CLANG_WARN_RANGE_LOOP_ANALYSIS = YES;
				CLANG_WARN_STRICT_PROTOTYPES = YES;
				CLANG_WARN_SUSPICIOUS_MOVE = YES;
				CLANG_WARN_UNGUARDED_AVAILABILITY = YES_AGGRESSIVE;
				CLANG_WARN_UNREACHABLE_CODE = YES;
				CLANG_WARN__DUPLICATE_METHOD_MATCH = YES;
				COPY_PHASE_STRIP = NO;
				DEBUG_INFORMATION_FORMAT = "dwarf-with-dsym";
				ENABLE_NS_ASSERTIONS = NO;
				ENABLE_STRICT_OBJC_MSGSEND = YES;
				GCC_C_LANGUAGE_STANDARD = gnu11;
				GCC_NO_COMMON_BLOCKS = YES;
				GCC_WARN_64_TO_32_BIT_CONVERSION = YES;
				GCC_WARN_ABOUT_RETURN_TYPE = YES_ERROR;
				GCC_WARN_UNDECLARED_SELECTOR = YES;
				GCC_WARN_UNINITIALIZED_AUTOS = YES_AGGRESSIVE;
				GCC_WARN_UNUSED_FUNCTION = YES;
				GCC_WARN_UNUSED_VARIABLE = YES;
				MTL_ENABLE_DEBUG_INFO = NO;
				MTL_FAST_MATH = YES;
				OTHER_LDFLAGS = "";
				SWIFT_COMPILATION_MODE = wholemodule;
				SWIFT_OPTIMIZATION_LEVEL = "-O";
			};
			name = Release;
		};
		0E1FF28B2B01F67000A77369 /* Debug */ = {
			isa = XCBuildConfiguration;
			buildSettings = {
				ASSETCATALOG_COMPILER_APPICON_NAME = AppIcon;
				ASSETCATALOG_COMPILER_GLOBAL_ACCENT_COLOR_NAME = AccentColor;
				CODE_SIGN_ENTITLEMENTS = Fire/Fire.entitlements;
				CODE_SIGN_STYLE = Automatic;
				CURRENT_PROJECT_VERSION = 1;
				DEVELOPMENT_ASSET_PATHS = "\"Fire/Preview Content\"";
				ENABLE_PREVIEWS = YES;
				GENERATE_INFOPLIST_FILE = YES;
				INFOPLIST_KEY_CFBundleDisplayName = Fire;
				"INFOPLIST_KEY_UIApplicationSceneManifest_Generation[sdk=iphoneos*]" = YES;
				"INFOPLIST_KEY_UIApplicationSceneManifest_Generation[sdk=iphonesimulator*]" = YES;
				"INFOPLIST_KEY_UIApplicationSupportsIndirectInputEvents[sdk=iphoneos*]" = YES;
				"INFOPLIST_KEY_UIApplicationSupportsIndirectInputEvents[sdk=iphonesimulator*]" = YES;
				"INFOPLIST_KEY_UILaunchScreen_Generation[sdk=iphoneos*]" = YES;
				"INFOPLIST_KEY_UILaunchScreen_Generation[sdk=iphonesimulator*]" = YES;
				"INFOPLIST_KEY_UIStatusBarStyle[sdk=iphoneos*]" = UIStatusBarStyleDefault;
				"INFOPLIST_KEY_UIStatusBarStyle[sdk=iphonesimulator*]" = UIStatusBarStyleDefault;
				INFOPLIST_KEY_UISupportedInterfaceOrientations_iPad = "UIInterfaceOrientationPortrait UIInterfaceOrientationPortraitUpsideDown UIInterfaceOrientationLandscapeLeft UIInterfaceOrientationLandscapeRight";
				INFOPLIST_KEY_UISupportedInterfaceOrientations_iPhone = "UIInterfaceOrientationPortrait UIInterfaceOrientationLandscapeLeft UIInterfaceOrientationLandscapeRight";
				IPHONEOS_DEPLOYMENT_TARGET = 14.0;
				LD_RUNPATH_SEARCH_PATHS = "@executable_path/Frameworks";
				"LD_RUNPATH_SEARCH_PATHS[sdk=macosx*]" = "@executable_path/../Frameworks";
				MACOSX_DEPLOYMENT_TARGET = 13.1;
				MARKETING_VERSION = 1.0;
				OTHER_LDFLAGS = (
					"-Xlinker",
					"-interposable",
				);
				PRODUCT_BUNDLE_IDENTIFIER = com.fire.app.ios;
				PRODUCT_NAME = "$(TARGET_NAME)";
				SDKROOT = auto;
				SUPPORTED_PLATFORMS = "iphoneos iphonesimulator macosx";
				SWIFT_EMIT_LOC_STRINGS = YES;
				SWIFT_VERSION = 5.0;
				TARGETED_DEVICE_FAMILY = "1,2";
			};
			name = Debug;
		};
		0E1FF28C2B01F67000A77369 /* Release */ = {
			isa = XCBuildConfiguration;
			buildSettings = {
				ASSETCATALOG_COMPILER_APPICON_NAME = AppIcon;
				ASSETCATALOG_COMPILER_GLOBAL_ACCENT_COLOR_NAME = AccentColor;
				CODE_SIGN_ENTITLEMENTS = Fire/Fire.entitlements;
				CODE_SIGN_STYLE = Automatic;
				CURRENT_PROJECT_VERSION = 1;
				DEVELOPMENT_ASSET_PATHS = "\"Fire/Preview Content\"";
				ENABLE_PREVIEWS = YES;
				GENERATE_INFOPLIST_FILE = YES;
				INFOPLIST_KEY_CFBundleDisplayName = Fire;
				"INFOPLIST_KEY_UIApplicationSceneManifest_Generation[sdk=iphoneos*]" = YES;
				"INFOPLIST_KEY_UIApplicationSceneManifest_Generation[sdk=iphonesimulator*]" = YES;
				"INFOPLIST_KEY_UIApplicationSupportsIndirectInputEvents[sdk=iphoneos*]" = YES;
				"INFOPLIST_KEY_UIApplicationSupportsIndirectInputEvents[sdk=iphonesimulator*]" = YES;
				"INFOPLIST_KEY_UILaunchScreen_Generation[sdk=iphoneos*]" = YES;
				"INFOPLIST_KEY_UILaunchScreen_Generation[sdk=iphonesimulator*]" = YES;
				"INFOPLIST_KEY_UIStatusBarStyle[sdk=iphoneos*]" = UIStatusBarStyleDefault;
				"INFOPLIST_KEY_UIStatusBarStyle[sdk=iphonesimulator*]" = UIStatusBarStyleDefault;
				INFOPLIST_KEY_UISupportedInterfaceOrientations_iPad = "UIInterfaceOrientationPortrait UIInterfaceOrientationPortraitUpsideDown UIInterfaceOrientationLandscapeLeft UIInterfaceOrientationLandscapeRight";
				INFOPLIST_KEY_UISupportedInterfaceOrientations_iPhone = "UIInterfaceOrientationPortrait UIInterfaceOrientationLandscapeLeft UIInterfaceOrientationLandscapeRight";
				IPHONEOS_DEPLOYMENT_TARGET = 14.0;
				LD_RUNPATH_SEARCH_PATHS = "@executable_path/Frameworks";
				"LD_RUNPATH_SEARCH_PATHS[sdk=macosx*]" = "@executable_path/../Frameworks";
				MACOSX_DEPLOYMENT_TARGET = 13.1;
				MARKETING_VERSION = 1.0;
				OTHER_LDFLAGS = "";
				PRODUCT_BUNDLE_IDENTIFIER = com.fire.app.ios;
				PRODUCT_NAME = "$(TARGET_NAME)";
				SDKROOT = auto;
				SUPPORTED_PLATFORMS = "iphoneos iphonesimulator macosx";
				SWIFT_EMIT_LOC_STRINGS = YES;
				SWIFT_VERSION = 5.0;
				TARGETED_DEVICE_FAMILY = "1,2";
			};
			name = Release;
		};
		0E1FF28E2B01F67000A77369 /* Debug */ = {
			isa = XCBuildConfiguration;
			buildSettings = {
				ALWAYS_EMBED_SWIFT_STANDARD_LIBRARIES = YES;
				BUNDLE_LOADER = "$(TEST_HOST)";
				CODE_SIGN_STYLE = Automatic;
				CURRENT_PROJECT_VERSION = 1;
				GENERATE_INFOPLIST_FILE = YES;
				IPHONEOS_DEPLOYMENT_TARGET = 16.2;
				MACOSX_DEPLOYMENT_TARGET = 13.1;
				MARKETING_VERSION = 1.0;
				PRODUCT_BUNDLE_IDENTIFIER = com.fire.app.FireTests;
				PRODUCT_NAME = "$(TARGET_NAME)";
				SDKROOT = auto;
				SUPPORTED_PLATFORMS = "iphoneos iphonesimulator macosx";
				SWIFT_EMIT_LOC_STRINGS = NO;
				SWIFT_VERSION = 5.0;
				TARGETED_DEVICE_FAMILY = "1,2";
				TEST_HOST = "$(BUILT_PRODUCTS_DIR)/Fire.app/$(BUNDLE_EXECUTABLE_FOLDER_PATH)/Fire";
			};
			name = Debug;
		};
		0E1FF28F2B01F67000A77369 /* Release */ = {
			isa = XCBuildConfiguration;
			buildSettings = {
				ALWAYS_EMBED_SWIFT_STANDARD_LIBRARIES = YES;
				BUNDLE_LOADER = "$(TEST_HOST)";
				CODE_SIGN_STYLE = Automatic;
				CURRENT_PROJECT_VERSION = 1;
				GENERATE_INFOPLIST_FILE = YES;
				IPHONEOS_DEPLOYMENT_TARGET = 16.2;
				MACOSX_DEPLOYMENT_TARGET = 13.1;
				MARKETING_VERSION = 1.0;
				PRODUCT_BUNDLE_IDENTIFIER = com.fire.app.FireTests;
				PRODUCT_NAME = "$(TARGET_NAME)";
				SDKROOT = auto;
				SUPPORTED_PLATFORMS = "iphoneos iphonesimulator macosx";
				SWIFT_EMIT_LOC_STRINGS = NO;
				SWIFT_VERSION = 5.0;
				TARGETED_DEVICE_FAMILY = "1,2";
				TEST_HOST = "$(BUILT_PRODUCTS_DIR)/Fire.app/$(BUNDLE_EXECUTABLE_FOLDER_PATH)/Fire";
			};
			name = Release;
		};
		0E1FF2912B01F67000A77369 /* Debug */ = {
			isa = XCBuildConfiguration;
			buildSettings = {
				ALWAYS_EMBED_SWIFT_STANDARD_LIBRARIES = YES;
				CODE_SIGN_STYLE = Automatic;
				CURRENT_PROJECT_VERSION = 1;
				GENERATE_INFOPLIST_FILE = YES;
				IPHONEOS_DEPLOYMENT_TARGET = 16.2;
				MACOSX_DEPLOYMENT_TARGET = 13.1;
				MARKETING_VERSION = 1.0;
				PRODUCT_BUNDLE_IDENTIFIER = com.fire.app.FireUITests;
				PRODUCT_NAME = "$(TARGET_NAME)";
				SDKROOT = auto;
				SUPPORTED_PLATFORMS = "iphoneos iphonesimulator macosx";
				SWIFT_EMIT_LOC_STRINGS = NO;
				SWIFT_VERSION = 5.0;
				TARGETED_DEVICE_FAMILY = "1,2";
				TEST_TARGET_NAME = Fire;
			};
			name = Debug;
		};
		0E1FF2922B01F67000A77369 /* Release */ = {
			isa = XCBuildConfiguration;
			buildSettings = {
				ALWAYS_EMBED_SWIFT_STANDARD_LIBRARIES = YES;
				CODE_SIGN_STYLE = Automatic;
				CURRENT_PROJECT_VERSION = 1;
				GENERATE_INFOPLIST_FILE = YES;
				IPHONEOS_DEPLOYMENT_TARGET = 16.2;
				MACOSX_DEPLOYMENT_TARGET = 13.1;
				MARKETING_VERSION = 1.0;
				PRODUCT_BUNDLE_IDENTIFIER = com.fire.app.FireUITests;
				PRODUCT_NAME = "$(TARGET_NAME)";
				SDKROOT = auto;
				SUPPORTED_PLATFORMS = "iphoneos iphonesimulator macosx";
				SWIFT_EMIT_LOC_STRINGS = NO;
				SWIFT_VERSION = 5.0;
				TARGETED_DEVICE_FAMILY = "1,2";
				TEST_TARGET_NAME = Fire;
			};
			name = Release;
		};
/* End XCBuildConfiguration section */

/* Begin XCConfigurationList section */
		0E1FF2602B01F66E00A77369 /* Build configuration list for PBXProject "Fire" */ = {
			isa = XCConfigurationList;
			buildConfigurations = (
				0E1FF2882B01F67000A77369 /* Debug */,
				0E1FF2892B01F67000A77369 /* Release */,
			);
			defaultConfigurationIsVisible = 0;
			defaultConfigurationName = Release;
		};
		0E1FF28A2B01F67000A77369 /* Build configuration list for PBXNativeTarget "Fire" */ = {
			isa = XCConfigurationList;
			buildConfigurations = (
				0E1FF28B2B01F67000A77369 /* Debug */,
				0E1FF28C2B01F67000A77369 /* Release */,
			);
			defaultConfigurationIsVisible = 0;
			defaultConfigurationName = Release;
		};
		0E1FF28D2B01F67000A77369 /* Build configuration list for PBXNativeTarget "FireTests" */ = {
			isa = XCConfigurationList;
			buildConfigurations = (
				0E1FF28E2B01F67000A77369 /* Debug */,
				0E1FF28F2B01F67000A77369 /* Release */,
			);
			defaultConfigurationIsVisible = 0;
			defaultConfigurationName = Release;
		};
		0E1FF2902B01F67000A77369 /* Build configuration list for PBXNativeTarget "FireUITests" */ = {
			isa = XCConfigurationList;
			buildConfigurations = (
				0E1FF2912B01F67000A77369 /* Debug */,
				0E1FF2922B01F67000A77369 /* Release */,
			);
			defaultConfigurationIsVisible = 0;
			defaultConfigurationName = Release;
		};
/* End XCConfigurationList section */

/* Begin XCSwiftPackageProductDependency section */
		0E230D992B02471A0002128A /* FireFeature */ = {
			isa = XCSwiftPackageProductDependency;
			productName = FireFeature;
		};
/* End XCSwiftPackageProductDependency section */
	};
	rootObject = 0E1FF25D2B01F66E00A77369 /* Project object */;
}
