// !$*UTF8*$!
{
	archiveVersion = 1;
	classes = {
	};
	objectVersion = 56;
	objects = {

/* Begin PBXBuildFile section */
		0E04472A2B02FD17005CE582 /* FirePlaybookApp.swift in Sources */ = {isa = PBXBuildFile; fileRef = 0E0447292B02FD17005CE582 /* FirePlaybookApp.swift */; };
		0E04472E2B02FD19005CE582 /* Assets.xcassets in Resources */ = {isa = PBXBuildFile; fileRef = 0E04472D2B02FD19005CE582 /* Assets.xcassets */; };
		0E0447312B02FD19005CE582 /* Preview Assets.xcassets in Resources */ = {isa = PBXBuildFile; fileRef = 0E0447302B02FD19005CE582 /* Preview Assets.xcassets */; };
		0E1FF2692B01F66E00A77369 /* FireApp.swift in Sources */ = {isa = PBXBuildFile; fileRef = 0E1FF2682B01F66E00A77369 /* FireApp.swift */; };
		0E1FF26D2B01F67000A77369 /* Assets.xcassets in Resources */ = {isa = PBXBuildFile; fileRef = 0E1FF26C2B01F67000A77369 /* Assets.xcassets */; };
		0E1FF2712B01F67000A77369 /* Preview Assets.xcassets in Resources */ = {isa = PBXBuildFile; fileRef = 0E1FF2702B01F67000A77369 /* Preview Assets.xcassets */; };
		0E24093A2B24A1BE00903A46 /* App in Frameworks */ = {isa = PBXBuildFile; productRef = 0E2409392B24A1BE00903A46 /* App */; };
		0E24093C2B24A37E00903A46 /* AppPlaybook in Frameworks */ = {isa = PBXBuildFile; productRef = 0E24093B2B24A37E00903A46 /* AppPlaybook */; };
		395A5D062B74897D008D53BB /* TransactionRecordingIntent.swift in Sources */ = {isa = PBXBuildFile; fileRef = 395A5D052B74897D008D53BB /* TransactionRecordingIntent.swift */; };
		396F57CE2B835318000674A6 /* TransactionOverview.swift in Sources */ = {isa = PBXBuildFile; fileRef = 396F57CD2B835318000674A6 /* TransactionOverview.swift */; };
		3981A9C52BC2F00D00335C00 /* MiniFireApp.swift in Sources */ = {isa = PBXBuildFile; fileRef = 3981A9C42BC2F00D00335C00 /* MiniFireApp.swift */; };
		3981A9C92BC2F00F00335C00 /* Assets.xcassets in Resources */ = {isa = PBXBuildFile; fileRef = 3981A9C82BC2F00F00335C00 /* Assets.xcassets */; };
		3981A9CC2BC2F00F00335C00 /* Preview Assets.xcassets in Resources */ = {isa = PBXBuildFile; fileRef = 3981A9CB2BC2F00F00335C00 /* Preview Assets.xcassets */; };
		3981A9D12BC2F08F00335C00 /* MiniApp in Frameworks */ = {isa = PBXBuildFile; productRef = 3981A9D02BC2F08F00335C00 /* MiniApp */; };
		399C6C842C12F17700FE604E /* FireModules in Resources */ = {isa = PBXBuildFile; fileRef = 399C6C832C12F17700FE604E /* FireModules */; };
		39B35D182B7D04A200CC00AB /* FireShortcuts.swift in Sources */ = {isa = PBXBuildFile; fileRef = 39B35D172B7D04A200CC00AB /* FireShortcuts.swift */; };
		39B35D1A2B7DC20600CC00AB /* Intents in Frameworks */ = {isa = PBXBuildFile; productRef = 39B35D192B7DC20600CC00AB /* Intents */; };
		39B35D1F2B83161900CC00AB /* SourceFundIntentEntity.swift in Sources */ = {isa = PBXBuildFile; fileRef = 39B35D1E2B83161800CC00AB /* SourceFundIntentEntity.swift */; };
		39B35D212B83167C00CC00AB /* DestinationFundIntentEntity.swift in Sources */ = {isa = PBXBuildFile; fileRef = 39B35D202B83167C00CC00AB /* DestinationFundIntentEntity.swift */; };
/* End PBXBuildFile section */

/* Begin PBXFileReference section */
		0E0447272B02FD17005CE582 /* FirePlaybook.app */ = {isa = PBXFileReference; explicitFileType = wrapper.application; includeInIndex = 0; path = FirePlaybook.app; sourceTree = BUILT_PRODUCTS_DIR; };
		0E0447292B02FD17005CE582 /* FirePlaybookApp.swift */ = {isa = PBXFileReference; lastKnownFileType = sourcecode.swift; path = FirePlaybookApp.swift; sourceTree = "<group>"; };
		0E04472D2B02FD19005CE582 /* Assets.xcassets */ = {isa = PBXFileReference; lastKnownFileType = folder.assetcatalog; path = Assets.xcassets; sourceTree = "<group>"; };
		0E0447302B02FD19005CE582 /* Preview Assets.xcassets */ = {isa = PBXFileReference; lastKnownFileType = folder.assetcatalog; path = "Preview Assets.xcassets"; sourceTree = "<group>"; };
		0E1FF2652B01F66E00A77369 /* Fire.app */ = {isa = PBXFileReference; explicitFileType = wrapper.application; includeInIndex = 0; path = Fire.app; sourceTree = BUILT_PRODUCTS_DIR; };
		0E1FF2682B01F66E00A77369 /* FireApp.swift */ = {isa = PBXFileReference; lastKnownFileType = sourcecode.swift; path = FireApp.swift; sourceTree = "<group>"; };
		0E1FF26C2B01F67000A77369 /* Assets.xcassets */ = {isa = PBXFileReference; lastKnownFileType = folder.assetcatalog; path = Assets.xcassets; sourceTree = "<group>"; };
		0E1FF26E2B01F67000A77369 /* Fire.entitlements */ = {isa = PBXFileReference; lastKnownFileType = text.plist.entitlements; path = Fire.entitlements; sourceTree = "<group>"; };
		0E1FF2702B01F67000A77369 /* Preview Assets.xcassets */ = {isa = PBXFileReference; lastKnownFileType = folder.assetcatalog; path = "Preview Assets.xcassets"; sourceTree = "<group>"; };
		0E1FF27A2B01F67000A77369 /* FireTests.swift */ = {isa = PBXFileReference; lastKnownFileType = sourcecode.swift; path = FireTests.swift; sourceTree = "<group>"; };
		393409F02B48688900611270 /* Info.plist */ = {isa = PBXFileReference; lastKnownFileType = text.plist; path = Info.plist; sourceTree = "<group>"; };
		395A5D052B74897D008D53BB /* TransactionRecordingIntent.swift */ = {isa = PBXFileReference; lastKnownFileType = sourcecode.swift; path = TransactionRecordingIntent.swift; sourceTree = "<group>"; };
		396F57CD2B835318000674A6 /* TransactionOverview.swift */ = {isa = PBXFileReference; lastKnownFileType = sourcecode.swift; path = TransactionOverview.swift; sourceTree = "<group>"; };
		3981A9C22BC2F00D00335C00 /* MiniFireApp.app */ = {isa = PBXFileReference; explicitFileType = wrapper.application; includeInIndex = 0; path = MiniFireApp.app; sourceTree = BUILT_PRODUCTS_DIR; };
		3981A9C42BC2F00D00335C00 /* MiniFireApp.swift */ = {isa = PBXFileReference; lastKnownFileType = sourcecode.swift; path = MiniFireApp.swift; sourceTree = "<group>"; };
		3981A9C82BC2F00F00335C00 /* Assets.xcassets */ = {isa = PBXFileReference; lastKnownFileType = folder.assetcatalog; path = Assets.xcassets; sourceTree = "<group>"; };
		3981A9CB2BC2F00F00335C00 /* Preview Assets.xcassets */ = {isa = PBXFileReference; lastKnownFileType = folder.assetcatalog; path = "Preview Assets.xcassets"; sourceTree = "<group>"; };
		399C6C832C12F17700FE604E /* FireModules */ = {isa = PBXFileReference; lastKnownFileType = wrapper; name = FireModules; path = ../FireModules; sourceTree = "<group>"; };
		39B35D172B7D04A200CC00AB /* FireShortcuts.swift */ = {isa = PBXFileReference; lastKnownFileType = sourcecode.swift; path = FireShortcuts.swift; sourceTree = "<group>"; };
		39B35D1E2B83161800CC00AB /* SourceFundIntentEntity.swift */ = {isa = PBXFileReference; lastKnownFileType = sourcecode.swift; path = SourceFundIntentEntity.swift; sourceTree = "<group>"; };
		39B35D202B83167C00CC00AB /* DestinationFundIntentEntity.swift */ = {isa = PBXFileReference; lastKnownFileType = sourcecode.swift; path = DestinationFundIntentEntity.swift; sourceTree = "<group>"; };
/* End PBXFileReference section */

/* Begin PBXFrameworksBuildPhase section */
		0E0447242B02FD17005CE582 /* Frameworks */ = {
			isa = PBXFrameworksBuildPhase;
			buildActionMask = 2147483647;
			files = (
				0E24093C2B24A37E00903A46 /* AppPlaybook in Frameworks */,
			);
			runOnlyForDeploymentPostprocessing = 0;
		};
		0E1FF2622B01F66E00A77369 /* Frameworks */ = {
			isa = PBXFrameworksBuildPhase;
			buildActionMask = 2147483647;
			files = (
				39B35D1A2B7DC20600CC00AB /* Intents in Frameworks */,
				0E24093A2B24A1BE00903A46 /* App in Frameworks */,
			);
			runOnlyForDeploymentPostprocessing = 0;
		};
		3981A9BF2BC2F00D00335C00 /* Frameworks */ = {
			isa = PBXFrameworksBuildPhase;
			buildActionMask = 2147483647;
			files = (
				3981A9D12BC2F08F00335C00 /* MiniApp in Frameworks */,
			);
			runOnlyForDeploymentPostprocessing = 0;
		};
/* End PBXFrameworksBuildPhase section */

/* Begin PBXGroup section */
		0E0447282B02FD17005CE582 /* FirePlaybook */ = {
			isa = PBXGroup;
			children = (
				0E0447292B02FD17005CE582 /* FirePlaybookApp.swift */,
				0E04472D2B02FD19005CE582 /* Assets.xcassets */,
				0E04472F2B02FD19005CE582 /* Preview Content */,
			);
			path = FirePlaybook;
			sourceTree = "<group>";
		};
		0E04472F2B02FD19005CE582 /* Preview Content */ = {
			isa = PBXGroup;
			children = (
				0E0447302B02FD19005CE582 /* Preview Assets.xcassets */,
			);
			path = "Preview Content";
			sourceTree = "<group>";
		};
		0E1FF25C2B01F66E00A77369 = {
			isa = PBXGroup;
			children = (
				399C6C832C12F17700FE604E /* FireModules */,
				0E1FF2672B01F66E00A77369 /* Fire */,
				0E1FF2792B01F67000A77369 /* FireTests */,
				0E0447282B02FD17005CE582 /* FirePlaybook */,
				3981A9C32BC2F00D00335C00 /* MiniFireApp */,
				0E1FF2662B01F66E00A77369 /* Products */,
				0E1FF2932B01F72500A77369 /* Frameworks */,
			);
			sourceTree = "<group>";
		};
		0E1FF2662B01F66E00A77369 /* Products */ = {
			isa = PBXGroup;
			children = (
				0E1FF2652B01F66E00A77369 /* Fire.app */,
				0E0447272B02FD17005CE582 /* FirePlaybook.app */,
				3981A9C22BC2F00D00335C00 /* MiniFireApp.app */,
			);
			name = Products;
			sourceTree = "<group>";
		};
		0E1FF2672B01F66E00A77369 /* Fire */ = {
			isa = PBXGroup;
			children = (
				39B35D1B2B83153D00CC00AB /* Source */,
				393409F02B48688900611270 /* Info.plist */,
				0E1FF26C2B01F67000A77369 /* Assets.xcassets */,
				0E1FF26E2B01F67000A77369 /* Fire.entitlements */,
				0E1FF26F2B01F67000A77369 /* Preview Content */,
			);
			path = Fire;
			sourceTree = "<group>";
		};
		0E1FF26F2B01F67000A77369 /* Preview Content */ = {
			isa = PBXGroup;
			children = (
				0E1FF2702B01F67000A77369 /* Preview Assets.xcassets */,
			);
			path = "Preview Content";
			sourceTree = "<group>";
		};
		0E1FF2792B01F67000A77369 /* FireTests */ = {
			isa = PBXGroup;
			children = (
				0E1FF27A2B01F67000A77369 /* FireTests.swift */,
			);
			path = FireTests;
			sourceTree = "<group>";
		};
		0E1FF2932B01F72500A77369 /* Frameworks */ = {
			isa = PBXGroup;
			children = (
			);
			name = Frameworks;
			sourceTree = "<group>";
		};
		396F57CC2B8352ED000674A6 /* UI */ = {
			isa = PBXGroup;
			children = (
				396F57CD2B835318000674A6 /* TransactionOverview.swift */,
			);
			path = UI;
			sourceTree = "<group>";
		};
		3981A9C32BC2F00D00335C00 /* MiniFireApp */ = {
			isa = PBXGroup;
			children = (
				3981A9C42BC2F00D00335C00 /* MiniFireApp.swift */,
				3981A9C82BC2F00F00335C00 /* Assets.xcassets */,
				3981A9CA2BC2F00F00335C00 /* Preview Content */,
			);
			path = MiniFireApp;
			sourceTree = "<group>";
		};
		3981A9CA2BC2F00F00335C00 /* Preview Content */ = {
			isa = PBXGroup;
			children = (
				3981A9CB2BC2F00F00335C00 /* Preview Assets.xcassets */,
			);
			path = "Preview Content";
			sourceTree = "<group>";
		};
		398C0EDC2B83563C00872813 /* Intents */ = {
			isa = PBXGroup;
			children = (
				395A5D052B74897D008D53BB /* TransactionRecordingIntent.swift */,
			);
			path = Intents;
			sourceTree = "<group>";
		};
		39B35D1B2B83153D00CC00AB /* Source */ = {
			isa = PBXGroup;
			children = (
				39B35D1C2B83154D00CC00AB /* AppIntents */,
				0E1FF2682B01F66E00A77369 /* FireApp.swift */,
			);
			path = Source;
			sourceTree = "<group>";
		};
		39B35D1C2B83154D00CC00AB /* AppIntents */ = {
			isa = PBXGroup;
			children = (
				398C0EDC2B83563C00872813 /* Intents */,
				396F57CC2B8352ED000674A6 /* UI */,
				39B35D1D2B83160400CC00AB /* Entities */,
				39B35D172B7D04A200CC00AB /* FireShortcuts.swift */,
			);
			path = AppIntents;
			sourceTree = "<group>";
		};
		39B35D1D2B83160400CC00AB /* Entities */ = {
			isa = PBXGroup;
			children = (
				39B35D1E2B83161800CC00AB /* SourceFundIntentEntity.swift */,
				39B35D202B83167C00CC00AB /* DestinationFundIntentEntity.swift */,
			);
			path = Entities;
			sourceTree = "<group>";
		};
/* End PBXGroup section */

/* Begin PBXNativeTarget section */
		0E0447262B02FD17005CE582 /* FirePlaybook */ = {
			isa = PBXNativeTarget;
			buildConfigurationList = 0E04474E2B02FD1A005CE582 /* Build configuration list for PBXNativeTarget "FirePlaybook" */;
			buildPhases = (
				0E0447232B02FD17005CE582 /* Sources */,
				0E0447242B02FD17005CE582 /* Frameworks */,
				0E0447252B02FD17005CE582 /* Resources */,
			);
			buildRules = (
			);
			dependencies = (
			);
			name = FirePlaybook;
			packageProductDependencies = (
				0E24093B2B24A37E00903A46 /* AppPlaybook */,
			);
			productName = FirePlaybook;
			productReference = 0E0447272B02FD17005CE582 /* FirePlaybook.app */;
			productType = "com.apple.product-type.application";
		};
		0E1FF2642B01F66E00A77369 /* Fire */ = {
			isa = PBXNativeTarget;
			buildConfigurationList = 0E1FF28A2B01F67000A77369 /* Build configuration list for PBXNativeTarget "Fire" */;
			buildPhases = (
				0E1FF2612B01F66E00A77369 /* Sources */,
				0E1FF2622B01F66E00A77369 /* Frameworks */,
				0E1FF2632B01F66E00A77369 /* Resources */,
			);
			buildRules = (
			);
			dependencies = (
			);
			name = Fire;
			packageProductDependencies = (
				0E2409392B24A1BE00903A46 /* App */,
				39B35D192B7DC20600CC00AB /* Intents */,
			);
			productName = Fire;
			productReference = 0E1FF2652B01F66E00A77369 /* Fire.app */;
			productType = "com.apple.product-type.application";
		};
		3981A9C12BC2F00D00335C00 /* MiniFireApp */ = {
			isa = PBXNativeTarget;
			buildConfigurationList = 3981A9CF2BC2F00F00335C00 /* Build configuration list for PBXNativeTarget "MiniFireApp" */;
			buildPhases = (
				3981A9BE2BC2F00D00335C00 /* Sources */,
				3981A9BF2BC2F00D00335C00 /* Frameworks */,
				3981A9C02BC2F00D00335C00 /* Resources */,
			);
			buildRules = (
			);
			dependencies = (
			);
			name = MiniFireApp;
			packageProductDependencies = (
				3981A9D02BC2F08F00335C00 /* MiniApp */,
			);
			productName = MiniFireApp;
			productReference = 3981A9C22BC2F00D00335C00 /* MiniFireApp.app */;
			productType = "com.apple.product-type.application";
		};
/* End PBXNativeTarget section */

/* Begin PBXProject section */
		0E1FF25D2B01F66E00A77369 /* Project object */ = {
			isa = PBXProject;
			attributes = {
				BuildIndependentTargetsInParallel = 1;
				LastSwiftUpdateCheck = 1510;
				LastUpgradeCheck = 1420;
				TargetAttributes = {
					0E0447262B02FD17005CE582 = {
						CreatedOnToolsVersion = 14.2;
					};
					0E1FF2642B01F66E00A77369 = {
						CreatedOnToolsVersion = 14.2;
					};
					3981A9C12BC2F00D00335C00 = {
						CreatedOnToolsVersion = 15.1;
					};
				};
			};
			buildConfigurationList = 0E1FF2602B01F66E00A77369 /* Build configuration list for PBXProject "Fire" */;
			compatibilityVersion = "Xcode 14.0";
			developmentRegion = en;
			hasScannedForEncodings = 0;
			knownRegions = (
				en,
				Base,
			);
			mainGroup = 0E1FF25C2B01F66E00A77369;
			productRefGroup = 0E1FF2662B01F66E00A77369 /* Products */;
			projectDirPath = "";
			projectRoot = "";
			targets = (
				0E1FF2642B01F66E00A77369 /* Fire */,
				0E0447262B02FD17005CE582 /* FirePlaybook */,
				3981A9C12BC2F00D00335C00 /* MiniFireApp */,
			);
		};
/* End PBXProject section */

/* Begin PBXResourcesBuildPhase section */
		0E0447252B02FD17005CE582 /* Resources */ = {
			isa = PBXResourcesBuildPhase;
			buildActionMask = 2147483647;
			files = (
				0E0447312B02FD19005CE582 /* Preview Assets.xcassets in Resources */,
				0E04472E2B02FD19005CE582 /* Assets.xcassets in Resources */,
			);
			runOnlyForDeploymentPostprocessing = 0;
		};
		0E1FF2632B01F66E00A77369 /* Resources */ = {
			isa = PBXResourcesBuildPhase;
			buildActionMask = 2147483647;
			files = (
				0E1FF2712B01F67000A77369 /* Preview Assets.xcassets in Resources */,
				0E1FF26D2B01F67000A77369 /* Assets.xcassets in Resources */,
				399C6C842C12F17700FE604E /* FireModules in Resources */,
			);
			runOnlyForDeploymentPostprocessing = 0;
		};
		3981A9C02BC2F00D00335C00 /* Resources */ = {
			isa = PBXResourcesBuildPhase;
			buildActionMask = 2147483647;
			files = (
				3981A9CC2BC2F00F00335C00 /* Preview Assets.xcassets in Resources */,
				3981A9C92BC2F00F00335C00 /* Assets.xcassets in Resources */,
			);
			runOnlyForDeploymentPostprocessing = 0;
		};
/* End PBXResourcesBuildPhase section */

/* Begin PBXSourcesBuildPhase section */
		0E0447232B02FD17005CE582 /* Sources */ = {
			isa = PBXSourcesBuildPhase;
			buildActionMask = 2147483647;
			files = (
				0E04472A2B02FD17005CE582 /* FirePlaybookApp.swift in Sources */,
			);
			runOnlyForDeploymentPostprocessing = 0;
		};
		0E1FF2612B01F66E00A77369 /* Sources */ = {
			isa = PBXSourcesBuildPhase;
			buildActionMask = 2147483647;
			files = (
				39B35D182B7D04A200CC00AB /* FireShortcuts.swift in Sources */,
				0E1FF2692B01F66E00A77369 /* FireApp.swift in Sources */,
				396F57CE2B835318000674A6 /* TransactionOverview.swift in Sources */,
				39B35D212B83167C00CC00AB /* DestinationFundIntentEntity.swift in Sources */,
				395A5D062B74897D008D53BB /* TransactionRecordingIntent.swift in Sources */,
				39B35D1F2B83161900CC00AB /* SourceFundIntentEntity.swift in Sources */,
			);
			runOnlyForDeploymentPostprocessing = 0;
		};
		3981A9BE2BC2F00D00335C00 /* Sources */ = {
			isa = PBXSourcesBuildPhase;
			buildActionMask = 2147483647;
			files = (
				3981A9C52BC2F00D00335C00 /* MiniFireApp.swift in Sources */,
			);
			runOnlyForDeploymentPostprocessing = 0;
		};
/* End PBXSourcesBuildPhase section */

/* Begin XCBuildConfiguration section */
		0E0447482B02FD1A005CE582 /* Debug */ = {
			isa = XCBuildConfiguration;
			buildSettings = {
				ASSETCATALOG_COMPILER_APPICON_NAME = AppIcon;
				ASSETCATALOG_COMPILER_GLOBAL_ACCENT_COLOR_NAME = AccentColor;
				CODE_SIGN_STYLE = Automatic;
				CURRENT_PROJECT_VERSION = 1;
				DEVELOPMENT_ASSET_PATHS = "\"FirePlaybook/Preview Content\"";
				ENABLE_PREVIEWS = YES;
				GENERATE_INFOPLIST_FILE = YES;
				INFOPLIST_KEY_CFBundleDisplayName = "Fire Playbook";
				INFOPLIST_KEY_UIApplicationSceneManifest_Generation = YES;
				INFOPLIST_KEY_UIApplicationSupportsIndirectInputEvents = YES;
				INFOPLIST_KEY_UILaunchScreen_Generation = YES;
				INFOPLIST_KEY_UISupportedInterfaceOrientations_iPad = "UIInterfaceOrientationPortrait UIInterfaceOrientationPortraitUpsideDown UIInterfaceOrientationLandscapeLeft UIInterfaceOrientationLandscapeRight";
				INFOPLIST_KEY_UISupportedInterfaceOrientations_iPhone = "UIInterfaceOrientationPortrait UIInterfaceOrientationLandscapeLeft UIInterfaceOrientationLandscapeRight";
				IPHONEOS_DEPLOYMENT_TARGET = 16.0;
				LD_RUNPATH_SEARCH_PATHS = (
					"$(inherited)",
					"@executable_path/Frameworks",
				);
				MARKETING_VERSION = 1.0;
				PRODUCT_BUNDLE_IDENTIFIER = com.fire.playbook;
				PRODUCT_NAME = "$(TARGET_NAME)";
				SDKROOT = iphoneos;
				SWIFT_EMIT_LOC_STRINGS = YES;
				SWIFT_VERSION = 5.0;
				TARGETED_DEVICE_FAMILY = "1,2";
			};
			name = Debug;
		};
		0E0447492B02FD1A005CE582 /* Release */ = {
			isa = XCBuildConfiguration;
			buildSettings = {
				ASSETCATALOG_COMPILER_APPICON_NAME = AppIcon;
				ASSETCATALOG_COMPILER_GLOBAL_ACCENT_COLOR_NAME = AccentColor;
				CODE_SIGN_STYLE = Automatic;
				CURRENT_PROJECT_VERSION = 1;
				DEVELOPMENT_ASSET_PATHS = "\"FirePlaybook/Preview Content\"";
				ENABLE_PREVIEWS = YES;
				GENERATE_INFOPLIST_FILE = YES;
				INFOPLIST_KEY_CFBundleDisplayName = "Fire Playbook";
				INFOPLIST_KEY_UIApplicationSceneManifest_Generation = YES;
				INFOPLIST_KEY_UIApplicationSupportsIndirectInputEvents = YES;
				INFOPLIST_KEY_UILaunchScreen_Generation = YES;
				INFOPLIST_KEY_UISupportedInterfaceOrientations_iPad = "UIInterfaceOrientationPortrait UIInterfaceOrientationPortraitUpsideDown UIInterfaceOrientationLandscapeLeft UIInterfaceOrientationLandscapeRight";
				INFOPLIST_KEY_UISupportedInterfaceOrientations_iPhone = "UIInterfaceOrientationPortrait UIInterfaceOrientationLandscapeLeft UIInterfaceOrientationLandscapeRight";
				IPHONEOS_DEPLOYMENT_TARGET = 16.0;
				LD_RUNPATH_SEARCH_PATHS = (
					"$(inherited)",
					"@executable_path/Frameworks",
				);
				MARKETING_VERSION = 1.0;
				PRODUCT_BUNDLE_IDENTIFIER = com.fire.playbook;
				PRODUCT_NAME = "$(TARGET_NAME)";
				SDKROOT = iphoneos;
				SWIFT_EMIT_LOC_STRINGS = YES;
				SWIFT_VERSION = 5.0;
				TARGETED_DEVICE_FAMILY = "1,2";
				VALIDATE_PRODUCT = YES;
			};
			name = Release;
		};
		0E1FF2882B01F67000A77369 /* Debug */ = {
			isa = XCBuildConfiguration;
			buildSettings = {
				ALWAYS_SEARCH_USER_PATHS = NO;
				CLANG_ANALYZER_NONNULL = YES;
				CLANG_ANALYZER_NUMBER_OBJECT_CONVERSION = YES_AGGRESSIVE;
				CLANG_CXX_LANGUAGE_STANDARD = "gnu++20";
				CLANG_ENABLE_MODULES = YES;
				CLANG_ENABLE_OBJC_ARC = YES;
				CLANG_ENABLE_OBJC_WEAK = YES;
				CLANG_WARN_BLOCK_CAPTURE_AUTORELEASING = YES;
				CLANG_WARN_BOOL_CONVERSION = YES;
				CLANG_WARN_COMMA = YES;
				CLANG_WARN_CONSTANT_CONVERSION = YES;
				CLANG_WARN_DEPRECATED_OBJC_IMPLEMENTATIONS = YES;
				CLANG_WARN_DIRECT_OBJC_ISA_USAGE = YES_ERROR;
				CLANG_WARN_DOCUMENTATION_COMMENTS = YES;
				CLANG_WARN_EMPTY_BODY = YES;
				CLANG_WARN_ENUM_CONVERSION = YES;
				CLANG_WARN_INFINITE_RECURSION = YES;
				CLANG_WARN_INT_CONVERSION = YES;
				CLANG_WARN_NON_LITERAL_NULL_CONVERSION = YES;
				CLANG_WARN_OBJC_IMPLICIT_RETAIN_SELF = YES;
				CLANG_WARN_OBJC_LITERAL_CONVERSION = YES;
				CLANG_WARN_OBJC_ROOT_CLASS = YES_ERROR;
				CLANG_WARN_QUOTED_INCLUDE_IN_FRAMEWORK_HEADER = YES;
				CLANG_WARN_RANGE_LOOP_ANALYSIS = YES;
				CLANG_WARN_STRICT_PROTOTYPES = YES;
				CLANG_WARN_SUSPICIOUS_MOVE = YES;
				CLANG_WARN_UNGUARDED_AVAILABILITY = YES_AGGRESSIVE;
				CLANG_WARN_UNREACHABLE_CODE = YES;
				CLANG_WARN__DUPLICATE_METHOD_MATCH = YES;
				COPY_PHASE_STRIP = NO;
				DEBUG_INFORMATION_FORMAT = dwarf;
				ENABLE_STRICT_OBJC_MSGSEND = YES;
				ENABLE_TESTABILITY = YES;
				GCC_C_LANGUAGE_STANDARD = gnu11;
				GCC_DYNAMIC_NO_PIC = NO;
				GCC_NO_COMMON_BLOCKS = YES;
				GCC_OPTIMIZATION_LEVEL = 0;
				GCC_PREPROCESSOR_DEFINITIONS = (
					"DEBUG=1",
					"$(inherited)",
				);
				GCC_WARN_64_TO_32_BIT_CONVERSION = YES;
				GCC_WARN_ABOUT_RETURN_TYPE = YES_ERROR;
				GCC_WARN_UNDECLARED_SELECTOR = YES;
				GCC_WARN_UNINITIALIZED_AUTOS = YES_AGGRESSIVE;
				GCC_WARN_UNUSED_FUNCTION = YES;
				GCC_WARN_UNUSED_VARIABLE = YES;
				MTL_ENABLE_DEBUG_INFO = INCLUDE_SOURCE;
				MTL_FAST_MATH = YES;
				ONLY_ACTIVE_ARCH = YES;
				OTHER_LDFLAGS = (
					"-Xlinker",
					"-interposable",
				);
				SWIFT_ACTIVE_COMPILATION_CONDITIONS = DEBUG;
				SWIFT_OPTIMIZATION_LEVEL = "-Onone";
			};
			name = Debug;
		};
		0E1FF2892B01F67000A77369 /* Release */ = {
			isa = XCBuildConfiguration;
			buildSettings = {
				ALWAYS_SEARCH_USER_PATHS = NO;
				CLANG_ANALYZER_NONNULL = YES;
				CLANG_ANALYZER_NUMBER_OBJECT_CONVERSION = YES_AGGRESSIVE;
				CLANG_CXX_LANGUAGE_STANDARD = "gnu++20";
				CLANG_ENABLE_MODULES = YES;
				CLANG_ENABLE_OBJC_ARC = YES;
				CLANG_ENABLE_OBJC_WEAK = YES;
				CLANG_WARN_BLOCK_CAPTURE_AUTORELEASING = YES;
				CLANG_WARN_BOOL_CONVERSION = YES;
				CLANG_WARN_COMMA = YES;
				CLANG_WARN_CONSTANT_CONVERSION = YES;
				CLANG_WARN_DEPRECATED_OBJC_IMPLEMENTATIONS = YES;
				CLANG_WARN_DIRECT_OBJC_ISA_USAGE = YES_ERROR;
				CLANG_WARN_DOCUMENTATION_COMMENTS = YES;
				CLANG_WARN_EMPTY_BODY = YES;
				CLANG_WARN_ENUM_CONVERSION = YES;
				CLANG_WARN_INFINITE_RECURSION = YES;
				CLANG_WARN_INT_CONVERSION = YES;
				CLANG_WARN_NON_LITERAL_NULL_CONVERSION = YES;
				CLANG_WARN_OBJC_IMPLICIT_RETAIN_SELF = YES;
				CLANG_WARN_OBJC_LITERAL_CONVERSION = YES;
				CLANG_WARN_OBJC_ROOT_CLASS = YES_ERROR;
				CLANG_WARN_QUOTED_INCLUDE_IN_FRAMEWORK_HEADER = YES;
				CLANG_WARN_RANGE_LOOP_ANALYSIS = YES;
				CLANG_WARN_STRICT_PROTOTYPES = YES;
				CLANG_WARN_SUSPICIOUS_MOVE = YES;
				CLANG_WARN_UNGUARDED_AVAILABILITY = YES_AGGRESSIVE;
				CLANG_WARN_UNREACHABLE_CODE = YES;
				CLANG_WARN__DUPLICATE_METHOD_MATCH = YES;
				COPY_PHASE_STRIP = NO;
				DEBUG_INFORMATION_FORMAT = "dwarf-with-dsym";
				ENABLE_NS_ASSERTIONS = NO;
				ENABLE_STRICT_OBJC_MSGSEND = YES;
				GCC_C_LANGUAGE_STANDARD = gnu11;
				GCC_NO_COMMON_BLOCKS = YES;
				GCC_WARN_64_TO_32_BIT_CONVERSION = YES;
				GCC_WARN_ABOUT_RETURN_TYPE = YES_ERROR;
				GCC_WARN_UNDECLARED_SELECTOR = YES;
				GCC_WARN_UNINITIALIZED_AUTOS = YES_AGGRESSIVE;
				GCC_WARN_UNUSED_FUNCTION = YES;
				GCC_WARN_UNUSED_VARIABLE = YES;
				MTL_ENABLE_DEBUG_INFO = NO;
				MTL_FAST_MATH = YES;
				OTHER_LDFLAGS = "";
				SWIFT_COMPILATION_MODE = wholemodule;
				SWIFT_OPTIMIZATION_LEVEL = "-O";
			};
			name = Release;
		};
		0E1FF28B2B01F67000A77369 /* Debug */ = {
			isa = XCBuildConfiguration;
			buildSettings = {
				ASSETCATALOG_COMPILER_APPICON_NAME = AppIcon;
				ASSETCATALOG_COMPILER_GLOBAL_ACCENT_COLOR_NAME = AccentColor;
				CODE_SIGN_ENTITLEMENTS = Fire/Fire.entitlements;
				"CODE_SIGN_IDENTITY[sdk=macosx*]" = "-";
				CODE_SIGN_STYLE = Automatic;
				CURRENT_PROJECT_VERSION = 1;
				DEVELOPMENT_ASSET_PATHS = "\"Fire/Preview Content\"";
				ENABLE_PREVIEWS = YES;
				GENERATE_INFOPLIST_FILE = YES;
				INFOPLIST_FILE = Fire/Info.plist;
				INFOPLIST_KEY_CFBundleDisplayName = mouka;
				"INFOPLIST_KEY_UIApplicationSceneManifest_Generation[sdk=iphoneos*]" = YES;
				"INFOPLIST_KEY_UIApplicationSceneManifest_Generation[sdk=iphonesimulator*]" = YES;
				"INFOPLIST_KEY_UIApplicationSupportsIndirectInputEvents[sdk=iphoneos*]" = YES;
				"INFOPLIST_KEY_UIApplicationSupportsIndirectInputEvents[sdk=iphonesimulator*]" = YES;
				"INFOPLIST_KEY_UILaunchScreen_Generation[sdk=iphoneos*]" = YES;
				"INFOPLIST_KEY_UILaunchScreen_Generation[sdk=iphonesimulator*]" = YES;
				"INFOPLIST_KEY_UIStatusBarStyle[sdk=iphoneos*]" = UIStatusBarStyleDefault;
				"INFOPLIST_KEY_UIStatusBarStyle[sdk=iphonesimulator*]" = UIStatusBarStyleDefault;
				INFOPLIST_KEY_UISupportedInterfaceOrientations = UIInterfaceOrientationPortrait;
				INFOPLIST_KEY_UISupportedInterfaceOrientations_iPad = "UIInterfaceOrientationLandscapeLeft UIInterfaceOrientationLandscapeRight UIInterfaceOrientationPortrait UIInterfaceOrientationPortraitUpsideDown";
				IPHONEOS_DEPLOYMENT_TARGET = 16.0;
				LD_RUNPATH_SEARCH_PATHS = "@executable_path/Frameworks";
				"LD_RUNPATH_SEARCH_PATHS[sdk=macosx*]" = "@executable_path/../Frameworks";
				MACOSX_DEPLOYMENT_TARGET = 13.0;
				MARKETING_VERSION = 1.0;
				OTHER_LDFLAGS = (
					"-Xlinker",
					"-interposable",
				);
				PRODUCT_BUNDLE_IDENTIFIER = ai.mouka.app;
				"PRODUCT_BUNDLE_IDENTIFIER[sdk=iphoneos*]" = ai.mouka.app.ios;
				"PRODUCT_BUNDLE_IDENTIFIER[sdk=macosx*]" = ai.mouka.app.macos;
				PRODUCT_NAME = "$(TARGET_NAME)";
				SDKROOT = auto;
				SUPPORTED_PLATFORMS = "iphoneos iphonesimulator macosx";
				SWIFT_EMIT_LOC_STRINGS = YES;
				SWIFT_VERSION = 5.0;
				TARGETED_DEVICE_FAMILY = "1,2";
			};
			name = Debug;
		};
		0E1FF28C2B01F67000A77369 /* Release */ = {
			isa = XCBuildConfiguration;
			buildSettings = {
				ASSETCATALOG_COMPILER_APPICON_NAME = AppIcon;
				ASSETCATALOG_COMPILER_GLOBAL_ACCENT_COLOR_NAME = AccentColor;
				CODE_SIGN_ENTITLEMENTS = Fire/Fire.entitlements;
				"CODE_SIGN_IDENTITY[sdk=macosx*]" = "-";
				CODE_SIGN_STYLE = Automatic;
				CURRENT_PROJECT_VERSION = 1;
				DEVELOPMENT_ASSET_PATHS = "\"Fire/Preview Content\"";
				ENABLE_PREVIEWS = YES;
				GENERATE_INFOPLIST_FILE = YES;
				INFOPLIST_FILE = Fire/Info.plist;
				INFOPLIST_KEY_CFBundleDisplayName = mouka;
				"INFOPLIST_KEY_UIApplicationSceneManifest_Generation[sdk=iphoneos*]" = YES;
				"INFOPLIST_KEY_UIApplicationSceneManifest_Generation[sdk=iphonesimulator*]" = YES;
				"INFOPLIST_KEY_UIApplicationSupportsIndirectInputEvents[sdk=iphoneos*]" = YES;
				"INFOPLIST_KEY_UIApplicationSupportsIndirectInputEvents[sdk=iphonesimulator*]" = YES;
				"INFOPLIST_KEY_UILaunchScreen_Generation[sdk=iphoneos*]" = YES;
				"INFOPLIST_KEY_UILaunchScreen_Generation[sdk=iphonesimulator*]" = YES;
				"INFOPLIST_KEY_UIStatusBarStyle[sdk=iphoneos*]" = UIStatusBarStyleDefault;
				"INFOPLIST_KEY_UIStatusBarStyle[sdk=iphonesimulator*]" = UIStatusBarStyleDefault;
				INFOPLIST_KEY_UISupportedInterfaceOrientations = UIInterfaceOrientationPortrait;
				INFOPLIST_KEY_UISupportedInterfaceOrientations_iPad = "UIInterfaceOrientationLandscapeLeft UIInterfaceOrientationLandscapeRight UIInterfaceOrientationPortrait UIInterfaceOrientationPortraitUpsideDown";
				IPHONEOS_DEPLOYMENT_TARGET = 16.0;
				LD_RUNPATH_SEARCH_PATHS = "@executable_path/Frameworks";
				"LD_RUNPATH_SEARCH_PATHS[sdk=macosx*]" = "@executable_path/../Frameworks";
				MACOSX_DEPLOYMENT_TARGET = 13.0;
				MARKETING_VERSION = 1.0;
				OTHER_LDFLAGS = "";
				PRODUCT_BUNDLE_IDENTIFIER = ai.mouka.app;
				"PRODUCT_BUNDLE_IDENTIFIER[sdk=iphoneos*]" = ai.mouka.app.ios;
				"PRODUCT_BUNDLE_IDENTIFIER[sdk=macosx*]" = ai.mouka.app.macos;
				PRODUCT_NAME = "$(TARGET_NAME)";
				SDKROOT = auto;
				SUPPORTED_PLATFORMS = "iphoneos iphonesimulator macosx";
				SWIFT_EMIT_LOC_STRINGS = YES;
				SWIFT_VERSION = 5.0;
				TARGETED_DEVICE_FAMILY = "1,2";
			};
			name = Release;
		};
		3981A9CD2BC2F00F00335C00 /* Debug */ = {
			isa = XCBuildConfiguration;
			buildSettings = {
				ASSETCATALOG_COMPILER_APPICON_NAME = AppIcon;
				ASSETCATALOG_COMPILER_GENERATE_SWIFT_ASSET_SYMBOL_EXTENSIONS = YES;
				ASSETCATALOG_COMPILER_GLOBAL_ACCENT_COLOR_NAME = AccentColor;
				CODE_SIGN_STYLE = Automatic;
				CURRENT_PROJECT_VERSION = 1;
				DEVELOPMENT_ASSET_PATHS = "\"MiniFireApp/Preview Content\"";
				ENABLE_PREVIEWS = YES;
				ENABLE_USER_SCRIPT_SANDBOXING = YES;
				GCC_C_LANGUAGE_STANDARD = gnu17;
				GENERATE_INFOPLIST_FILE = YES;
				INFOPLIST_FILE = MiniFireApp/Info.plist;
				INFOPLIST_KEY_CFBundleDisplayName = "Mini Mouka";
				INFOPLIST_KEY_UILaunchScreen_Generation = YES;
				INFOPLIST_KEY_UISupportedInterfaceOrientations_iPad = "UIInterfaceOrientationPortrait UIInterfaceOrientationPortraitUpsideDown UIInterfaceOrientationLandscapeLeft UIInterfaceOrientationLandscapeRight";
				INFOPLIST_KEY_UISupportedInterfaceOrientations_iPhone = "UIInterfaceOrientationPortrait UIInterfaceOrientationLandscapeLeft UIInterfaceOrientationLandscapeRight";
				IPHONEOS_DEPLOYMENT_TARGET = 16.0;
				LD_RUNPATH_SEARCH_PATHS = (
					"$(inherited)",
					"@executable_path/Frameworks",
				);
				LOCALIZATION_PREFERS_STRING_CATALOGS = YES;
				MACOSX_DEPLOYMENT_TARGET = 13.0;
				MARKETING_VERSION = 1.0;
				PRODUCT_BUNDLE_IDENTIFIER = ai.mouka.mini.app;
				"PRODUCT_BUNDLE_IDENTIFIER[sdk=iphoneos*]" = ai.mouka.mini.app.ios;
				"PRODUCT_BUNDLE_IDENTIFIER[sdk=macosx*]" = ai.mouka.mini.app.macos;
				PRODUCT_NAME = "$(TARGET_NAME)";
				SDKROOT = macosx;
				SUPPORTED_PLATFORMS = "iphoneos iphonesimulator macosx";
				SUPPORTS_MACCATALYST = NO;
				SUPPORTS_MAC_DESIGNED_FOR_IPHONE_IPAD = NO;
				SUPPORTS_XR_DESIGNED_FOR_IPHONE_IPAD = NO;
				SWIFT_ACTIVE_COMPILATION_CONDITIONS = "DEBUG $(inherited)";
				SWIFT_EMIT_LOC_STRINGS = YES;
				SWIFT_VERSION = 5.0;
				TARGETED_DEVICE_FAMILY = "1,2";
			};
			name = Debug;
		};
		3981A9CE2BC2F00F00335C00 /* Release */ = {
			isa = XCBuildConfiguration;
			buildSettings = {
				ASSETCATALOG_COMPILER_APPICON_NAME = AppIcon;
				ASSETCATALOG_COMPILER_GENERATE_SWIFT_ASSET_SYMBOL_EXTENSIONS = YES;
				ASSETCATALOG_COMPILER_GLOBAL_ACCENT_COLOR_NAME = AccentColor;
				CODE_SIGN_STYLE = Automatic;
				CURRENT_PROJECT_VERSION = 1;
				DEVELOPMENT_ASSET_PATHS = "\"MiniFireApp/Preview Content\"";
				ENABLE_PREVIEWS = YES;
				ENABLE_USER_SCRIPT_SANDBOXING = YES;
				GCC_C_LANGUAGE_STANDARD = gnu17;
				GENERATE_INFOPLIST_FILE = YES;
				INFOPLIST_FILE = MiniFireApp/Info.plist;
				INFOPLIST_KEY_CFBundleDisplayName = "Mini Mouka";
				INFOPLIST_KEY_UILaunchScreen_Generation = YES;
				INFOPLIST_KEY_UISupportedInterfaceOrientations_iPad = "UIInterfaceOrientationPortrait UIInterfaceOrientationPortraitUpsideDown UIInterfaceOrientationLandscapeLeft UIInterfaceOrientationLandscapeRight";
				INFOPLIST_KEY_UISupportedInterfaceOrientations_iPhone = "UIInterfaceOrientationPortrait UIInterfaceOrientationLandscapeLeft UIInterfaceOrientationLandscapeRight";
				IPHONEOS_DEPLOYMENT_TARGET = 16.0;
				LD_RUNPATH_SEARCH_PATHS = (
					"$(inherited)",
					"@executable_path/Frameworks",
				);
				LOCALIZATION_PREFERS_STRING_CATALOGS = YES;
				MACOSX_DEPLOYMENT_TARGET = 13.0;
				MARKETING_VERSION = 1.0;
				PRODUCT_BUNDLE_IDENTIFIER = ai.mouka.mini.app;
				"PRODUCT_BUNDLE_IDENTIFIER[sdk=iphoneos*]" = ai.mouka.mini.app.ios;
				"PRODUCT_BUNDLE_IDENTIFIER[sdk=macosx*]" = ai.mouka.mini.app.macos;
				PRODUCT_NAME = "$(TARGET_NAME)";
				SDKROOT = macosx;
				SUPPORTED_PLATFORMS = "iphoneos iphonesimulator macosx";
				SUPPORTS_MACCATALYST = NO;
				SUPPORTS_MAC_DESIGNED_FOR_IPHONE_IPAD = NO;
				SUPPORTS_XR_DESIGNED_FOR_IPHONE_IPAD = NO;
				SWIFT_EMIT_LOC_STRINGS = YES;
				SWIFT_VERSION = 5.0;
				TARGETED_DEVICE_FAMILY = "1,2";
				VALIDATE_PRODUCT = YES;
			};
			name = Release;
		};
/* End XCBuildConfiguration section */

/* Begin XCConfigurationList section */
		0E04474E2B02FD1A005CE582 /* Build configuration list for PBXNativeTarget "FirePlaybook" */ = {
			isa = XCConfigurationList;
			buildConfigurations = (
				0E0447482B02FD1A005CE582 /* Debug */,
				0E0447492B02FD1A005CE582 /* Release */,
			);
			defaultConfigurationIsVisible = 0;
			defaultConfigurationName = Release;
		};
		0E1FF2602B01F66E00A77369 /* Build configuration list for PBXProject "Fire" */ = {
			isa = XCConfigurationList;
			buildConfigurations = (
				0E1FF2882B01F67000A77369 /* Debug */,
				0E1FF2892B01F67000A77369 /* Release */,
			);
			defaultConfigurationIsVisible = 0;
			defaultConfigurationName = Release;
		};
		0E1FF28A2B01F67000A77369 /* Build configuration list for PBXNativeTarget "Fire" */ = {
			isa = XCConfigurationList;
			buildConfigurations = (
				0E1FF28B2B01F67000A77369 /* Debug */,
				0E1FF28C2B01F67000A77369 /* Release */,
			);
			defaultConfigurationIsVisible = 0;
			defaultConfigurationName = Release;
		};
		3981A9CF2BC2F00F00335C00 /* Build configuration list for PBXNativeTarget "MiniFireApp" */ = {
			isa = XCConfigurationList;
			buildConfigurations = (
				3981A9CD2BC2F00F00335C00 /* Debug */,
				3981A9CE2BC2F00F00335C00 /* Release */,
			);
			defaultConfigurationIsVisible = 0;
			defaultConfigurationName = Release;
		};
/* End XCConfigurationList section */

/* Begin XCSwiftPackageProductDependency section */
		0E2409392B24A1BE00903A46 /* App */ = {
			isa = XCSwiftPackageProductDependency;
			productName = App;
		};
		0E24093B2B24A37E00903A46 /* AppPlaybook */ = {
			isa = XCSwiftPackageProductDependency;
			productName = AppPlaybook;
		};
		3981A9D02BC2F08F00335C00 /* MiniApp */ = {
			isa = XCSwiftPackageProductDependency;
			productName = MiniApp;
		};
		39B35D192B7DC20600CC00AB /* Intents */ = {
			isa = XCSwiftPackageProductDependency;
			productName = Intents;
		};
/* End XCSwiftPackageProductDependency section */
	};
	rootObject = 0E1FF25D2B01F66E00A77369 /* Project object */;
}
